
Microsoft Visual Studio Solution File, Format Version 12.00
# Visual Studio Version 17
VisualStudioVersion = 17.5.002.0
MinimumVisualStudioVersion = 10.0.40219.1
Project("{9A19103F-16F7-4668-BE54-9A1E7A4F7556}") = "SistemaBiblioteca", "SistemaBiblioteca.csproj", "{6EFEDE3B-906E-4D24-A975-F556714C9840}"
EndProject
Global
	GlobalSection(SolutionConfigurationPlatforms) = preSolution
		Debug|Any CPU = Debug|Any CPU
		Release|Any CPU = Release|Any CPU
	EndGlobalSection
	GlobalSection(ProjectConfigurationPlatforms) = postSolution
		{6EFEDE3B-906E-4D24-A975-F556714C9840}.Debug|Any CPU.ActiveCfg = Debug|Any CPU
		{6EFEDE3B-906E-4D24-A975-F556714C9840}.Debug|Any CPU.Build.0 = Debug|Any CPU
		{6EFEDE3B-906E-4D24-A975-F556714C9840}.Release|Any CPU.ActiveCfg = Release|Any CPU
		{6EFEDE3B-906E-4D24-A975-F556714C9840}.Release|Any CPU.Build.0 = Release|Any CPU
	EndGlobalSection
	GlobalSection(SolutionProperties) = preSolution
		HideSolutionNode = FALSE
	EndGlobalSection
	GlobalSection(ExtensibilityGlobals) = postSolution
		SolutionGuid = {449DA7C3-917A-4E8F-BAA8-F16B8542E962}
	EndGlobalSection
EndGlobal
